
Microsoft Visual Studio Solution File, Format Version 12.00
# Visual Studio Version 16
VisualStudioVersion = 16.0.29926.136
MinimumVisualStudioVersion = 10.0.40219.1
Project("{FAE04EC0-301F-11D3-BF4B-00C04F79EFBC}") = "TicketSysteemRandy", "TicketSysteemRandy\TicketSysteemRandy.csproj", "{647BF730-C304-4F05-B5BA-C359EB500C6E}"
EndProject
Global
	GlobalSection(SolutionConfigurationPlatforms) = preSolution
		Debug|Any CPU = Debug|Any CPU
		Release|Any CPU = Release|Any CPU
	EndGlobalSection
	GlobalSection(ProjectConfigurationPlatforms) = postSolution
		{647BF730-C304-4F05-B5BA-C359EB500C6E}.Debug|Any CPU.ActiveCfg = Debug|Any CPU
		{647BF730-C304-4F05-B5BA-C359EB500C6E}.Debug|Any CPU.Build.0 = Debug|Any CPU
		{647BF730-C304-4F05-B5BA-C359EB500C6E}.Release|Any CPU.ActiveCfg = Release|Any CPU
		{647BF730-C304-4F05-B5BA-C359EB500C6E}.Release|Any CPU.Build.0 = Release|Any CPU
	EndGlobalSection
	GlobalSection(SolutionProperties) = preSolution
		HideSolutionNode = FALSE
	EndGlobalSection
	GlobalSection(ExtensibilityGlobals) = postSolution
		SolutionGuid = {08FE1AFB-F218-4001-A3B7-684DE7870641}
	EndGlobalSection
EndGlobal
